// !$*UTF8*$!
{
	archiveVersion = 1;
	classes = {
	};
	objectVersion = 56;
	objects = {

/* Begin PBXBuildFile section */
		A10000000000000000000001 /* NextcloudDeckApp.swift in Sources */ = {isa = PBXBuildFile; fileRef = A20000000000000000000001 /* NextcloudDeckApp.swift */; };
		A10000000000000000000002 /* ContentView.swift in Sources */ = {isa = PBXBuildFile; fileRef = A20000000000000000000002 /* ContentView.swift */; };
		A10000000000000000000003 /* AppState.swift in Sources */ = {isa = PBXBuildFile; fileRef = A20000000000000000000003 /* AppState.swift */; };
		A10000000000000000000004 /* Board.swift in Sources */ = {isa = PBXBuildFile; fileRef = A20000000000000000000004 /* Board.swift */; };
		A10000000000000000000005 /* Stack.swift in Sources */ = {isa = PBXBuildFile; fileRef = A20000000000000000000005 /* Stack.swift */; };
		A10000000000000000000006 /* Card.swift in Sources */ = {isa = PBXBuildFile; fileRef = A20000000000000000000006 /* Card.swift */; };
		A10000000000000000000007 /* Label.swift in Sources */ = {isa = PBXBuildFile; fileRef = A20000000000000000000007 /* Label.swift */; };
		A10000000000000000000008 /* DeckAPI.swift in Sources */ = {isa = PBXBuildFile; fileRef = A20000000000000000000008 /* DeckAPI.swift */; };
		A10000000000000000000009 /* NextcloudAuth.swift in Sources */ = {isa = PBXBuildFile; fileRef = A20000000000000000000009 /* NextcloudAuth.swift */; };
		A1000000000000000000000A /* KeychainStorage.swift in Sources */ = {isa = PBXBuildFile; fileRef = A2000000000000000000000A /* KeychainStorage.swift */; };
		A1000000000000000000000B /* LoginView.swift in Sources */ = {isa = PBXBuildFile; fileRef = A2000000000000000000000B /* LoginView.swift */; };
		A1000000000000000000000C /* BoardListView.swift in Sources */ = {isa = PBXBuildFile; fileRef = A2000000000000000000000C /* BoardListView.swift */; };
		A1000000000000000000000D /* BoardDetailView.swift in Sources */ = {isa = PBXBuildFile; fileRef = A2000000000000000000000D /* BoardDetailView.swift */; };
		A1000000000000000000000E /* StackColumnView.swift in Sources */ = {isa = PBXBuildFile; fileRef = A2000000000000000000000E /* StackColumnView.swift */; };
		A1000000000000000000000F /* CardDetailSheet.swift in Sources */ = {isa = PBXBuildFile; fileRef = A2000000000000000000000F /* CardDetailSheet.swift */; };
		A10000000000000000000010 /* NewStackSheet.swift in Sources */ = {isa = PBXBuildFile; fileRef = A20000000000000000000010 /* NewStackSheet.swift */; };
		A10000000000000000000011 /* Color+Hex.swift in Sources */ = {isa = PBXBuildFile; fileRef = A20000000000000000000011 /* Color+Hex.swift */; };
		A10000000000000000000012 /* NewBoardSheet.swift in Sources */ = {isa = PBXBuildFile; fileRef = A20000000000000000000012 /* NewBoardSheet.swift */; };
		A10000000000000000000013 /* CodingKeyHelpers.swift in Sources */ = {isa = PBXBuildFile; fileRef = A20000000000000000000013 /* CodingKeyHelpers.swift */; };
		A10000000000000000000014 /* BoardColorPickerView.swift in Sources */ = {isa = PBXBuildFile; fileRef = A20000000000000000000014 /* BoardColorPickerView.swift */; };
		A10000000000000000000015 /* CreateSheetFooter.swift in Sources */ = {isa = PBXBuildFile; fileRef = A20000000000000000000015 /* CreateSheetFooter.swift */; };
		A10000000000000000000020 /* Assets.xcassets in Resources */ = {isa = PBXBuildFile; fileRef = A20000000000000000000020 /* Assets.xcassets */; };
/* End PBXBuildFile section */

/* Begin PBXFileReference section */
		A20000000000000000000000 /* NextcloudDeck.app */ = {isa = PBXFileReference; explicitFileType = wrapper.application; includeInIndex = 0; path = NextcloudDeck.app; sourceTree = BUILT_PRODUCTS_DIR; };
		A20000000000000000000001 /* NextcloudDeckApp.swift */ = {isa = PBXFileReference; lastKnownFileType = sourcecode.swift; path = NextcloudDeckApp.swift; sourceTree = "<group>"; };
		A20000000000000000000002 /* ContentView.swift */ = {isa = PBXFileReference; lastKnownFileType = sourcecode.swift; path = ContentView.swift; sourceTree = "<group>"; };
		A20000000000000000000003 /* AppState.swift */ = {isa = PBXFileReference; lastKnownFileType = sourcecode.swift; path = AppState.swift; sourceTree = "<group>"; };
		A20000000000000000000004 /* Board.swift */ = {isa = PBXFileReference; lastKnownFileType = sourcecode.swift; path = Board.swift; sourceTree = "<group>"; };
		A20000000000000000000005 /* Stack.swift */ = {isa = PBXFileReference; lastKnownFileType = sourcecode.swift; path = Stack.swift; sourceTree = "<group>"; };
		A20000000000000000000006 /* Card.swift */ = {isa = PBXFileReference; lastKnownFileType = sourcecode.swift; path = Card.swift; sourceTree = "<group>"; };
		A20000000000000000000007 /* Label.swift */ = {isa = PBXFileReference; lastKnownFileType = sourcecode.swift; path = Label.swift; sourceTree = "<group>"; };
		A20000000000000000000008 /* DeckAPI.swift */ = {isa = PBXFileReference; lastKnownFileType = sourcecode.swift; path = DeckAPI.swift; sourceTree = "<group>"; };
		A20000000000000000000009 /* NextcloudAuth.swift */ = {isa = PBXFileReference; lastKnownFileType = sourcecode.swift; path = NextcloudAuth.swift; sourceTree = "<group>"; };
		A2000000000000000000000A /* KeychainStorage.swift */ = {isa = PBXFileReference; lastKnownFileType = sourcecode.swift; path = KeychainStorage.swift; sourceTree = "<group>"; };
		A2000000000000000000000B /* LoginView.swift */ = {isa = PBXFileReference; lastKnownFileType = sourcecode.swift; path = LoginView.swift; sourceTree = "<group>"; };
		A2000000000000000000000C /* BoardListView.swift */ = {isa = PBXFileReference; lastKnownFileType = sourcecode.swift; path = BoardListView.swift; sourceTree = "<group>"; };
		A2000000000000000000000D /* BoardDetailView.swift */ = {isa = PBXFileReference; lastKnownFileType = sourcecode.swift; path = BoardDetailView.swift; sourceTree = "<group>"; };
		A2000000000000000000000E /* StackColumnView.swift */ = {isa = PBXFileReference; lastKnownFileType = sourcecode.swift; path = StackColumnView.swift; sourceTree = "<group>"; };
		A2000000000000000000000F /* CardDetailSheet.swift */ = {isa = PBXFileReference; lastKnownFileType = sourcecode.swift; path = CardDetailSheet.swift; sourceTree = "<group>"; };
		A20000000000000000000010 /* NewStackSheet.swift */ = {isa = PBXFileReference; lastKnownFileType = sourcecode.swift; path = NewStackSheet.swift; sourceTree = "<group>"; };
		A20000000000000000000011 /* Color+Hex.swift */ = {isa = PBXFileReference; lastKnownFileType = sourcecode.swift; path = "Color+Hex.swift"; sourceTree = "<group>"; };
		A20000000000000000000012 /* NewBoardSheet.swift */ = {isa = PBXFileReference; lastKnownFileType = sourcecode.swift; path = NewBoardSheet.swift; sourceTree = "<group>"; };
		A20000000000000000000013 /* CodingKeyHelpers.swift */ = {isa = PBXFileReference; lastKnownFileType = sourcecode.swift; path = CodingKeyHelpers.swift; sourceTree = "<group>"; };
		A20000000000000000000014 /* BoardColorPickerView.swift */ = {isa = PBXFileReference; lastKnownFileType = sourcecode.swift; path = BoardColorPickerView.swift; sourceTree = "<group>"; };
		A20000000000000000000015 /* CreateSheetFooter.swift */ = {isa = PBXFileReference; lastKnownFileType = sourcecode.swift; path = CreateSheetFooter.swift; sourceTree = "<group>"; };
		A20000000000000000000020 /* Assets.xcassets */ = {isa = PBXFileReference; lastKnownFileType = folder.assetcatalog; path = Assets.xcassets; sourceTree = "<group>"; };
		A20000000000000000000021 /* NextcloudDeck.entitlements */ = {isa = PBXFileReference; lastKnownFileType = text.plist.entitlements; path = NextcloudDeck.entitlements; sourceTree = "<group>"; };
/* End PBXFileReference section */

/* Begin PBXFrameworksBuildPhase section */
		A30000000000000000000001 /* Frameworks */ = {
			isa = PBXFrameworksBuildPhase;
			buildActionMask = 2147483647;
			files = (
			);
			runOnlyForDeploymentPostprocessing = 0;
		};
/* End PBXFrameworksBuildPhase section */

/* Begin PBXGroup section */
		A40000000000000000000001 = {
			isa = PBXGroup;
			children = (
				A40000000000000000000002 /* NextcloudDeck */,
				A40000000000000000000003 /* Products */,
			);
			sourceTree = "<group>";
		};
		A40000000000000000000002 /* NextcloudDeck */ = {
			isa = PBXGroup;
			children = (
				A20000000000000000000001 /* NextcloudDeckApp.swift */,
				A20000000000000000000002 /* ContentView.swift */,
				A20000000000000000000003 /* AppState.swift */,
				A40000000000000000000004 /* Models */,
				A40000000000000000000005 /* Services */,
				A40000000000000000000006 /* Views */,
				A40000000000000000000007 /* Helpers */,
				A20000000000000000000020 /* Assets.xcassets */,
				A20000000000000000000021 /* NextcloudDeck.entitlements */,
			);
			path = NextcloudDeck;
			sourceTree = "<group>";
		};
		A40000000000000000000003 /* Products */ = {
			isa = PBXGroup;
			children = (
				A20000000000000000000000 /* NextcloudDeck.app */,
			);
			name = Products;
			sourceTree = "<group>";
		};
		A40000000000000000000004 /* Models */ = {
			isa = PBXGroup;
			children = (
				A20000000000000000000004 /* Board.swift */,
				A20000000000000000000005 /* Stack.swift */,
				A20000000000000000000006 /* Card.swift */,
				A20000000000000000000007 /* Label.swift */,
			);
			path = Models;
			sourceTree = "<group>";
		};
		A40000000000000000000005 /* Services */ = {
			isa = PBXGroup;
			children = (
				A20000000000000000000008 /* DeckAPI.swift */,
				A20000000000000000000009 /* NextcloudAuth.swift */,
				A2000000000000000000000A /* KeychainStorage.swift */,
			);
			path = Services;
			sourceTree = "<group>";
		};
		A40000000000000000000006 /* Views */ = {
			isa = PBXGroup;
			children = (
				A2000000000000000000000B /* LoginView.swift */,
				A2000000000000000000000C /* BoardListView.swift */,
				A2000000000000000000000D /* BoardDetailView.swift */,
				A2000000000000000000000E /* StackColumnView.swift */,
				A2000000000000000000000F /* CardDetailSheet.swift */,
				A20000000000000000000010 /* NewStackSheet.swift */,
				A20000000000000000000012 /* NewBoardSheet.swift */,
			);
			path = Views;
			sourceTree = "<group>";
		};
		A40000000000000000000007 /* Helpers */ = {
			isa = PBXGroup;
			children = (
				A20000000000000000000011 /* Color+Hex.swift */,
				A20000000000000000000013 /* CodingKeyHelpers.swift */,
				A20000000000000000000014 /* BoardColorPickerView.swift */,
				A20000000000000000000015 /* CreateSheetFooter.swift */,
			);
			path = Helpers;
			sourceTree = "<group>";
		};
/* End PBXGroup section */

/* Begin PBXNativeTarget section */
		A50000000000000000000001 /* NextcloudDeck */ = {
			isa = PBXNativeTarget;
			buildConfigurationList = A60000000000000000000002 /* Build configuration list for PBXNativeTarget "NextcloudDeck" */;
			buildPhases = (
				A50000000000000000000002 /* Sources */,
				A30000000000000000000001 /* Frameworks */,
				A50000000000000000000003 /* Resources */,
				A50000000000000000000004 /* Write Build Info */,
			);
			buildRules = (
			);
			dependencies = (
			);
			name = NextcloudDeck;
			productName = NextcloudDeck;
			productReference = A20000000000000000000000 /* NextcloudDeck.app */;
			productType = "com.apple.product-type.application";
		};
/* End PBXNativeTarget section */

/* Begin PBXProject section */
		A70000000000000000000001 /* Project object */ = {
			isa = PBXProject;
			attributes = {
				BuildIndependentTargetsInParallel = 1;
				LastSwiftUpdateCheck = 1500;
				LastUpgradeCheck = 2630;
			};
			buildConfigurationList = A60000000000000000000001 /* Build configuration list for PBXProject "NextcloudDeck" */;
			compatibilityVersion = "Xcode 14.0";
			developmentRegion = en;
			hasScannedForEncodings = 0;
			knownRegions = (
				en,
				Base,
			);
			mainGroup = A40000000000000000000001;
			productRefGroup = A40000000000000000000003 /* Products */;
			projectDirPath = "";
			projectRoot = "";
			targets = (
				A50000000000000000000001 /* NextcloudDeck */,
			);
		};
/* End PBXProject section */

/* Begin PBXResourcesBuildPhase section */
		A50000000000000000000003 /* Resources */ = {
			isa = PBXResourcesBuildPhase;
			buildActionMask = 2147483647;
			files = (
				A10000000000000000000020 /* Assets.xcassets in Resources */,
			);
			runOnlyForDeploymentPostprocessing = 0;
		};
/* End PBXResourcesBuildPhase section */

/* Begin PBXShellScriptBuildPhase section */
		A50000000000000000000004 /* Write Build Info */ = {
			isa = PBXShellScriptBuildPhase;
			buildActionMask = 2147483647;
			files = (
			);
			inputFileListPaths = (
			);
			inputPaths = (
			);
			name = "Write Build Info";
			outputFileListPaths = (
			);
			outputPaths = (
				"$(TARGET_BUILD_DIR)/$(UNLOCALIZED_RESOURCES_FOLDER_PATH)/BuildInfo.plist",
			);
			runOnlyForDeploymentPostprocessing = 0;
			shellPath = /bin/bash;
			shellScript = "set -euo pipefail\n\nbuild_info_path=\"${TARGET_BUILD_DIR}/${UNLOCALIZED_RESOURCES_FOLDER_PATH}/BuildInfo.plist\"\n\nresolve_commit() {\n  if [[ -n \"${GIT_COMMIT_HASH:-}\" && \"${GIT_COMMIT_HASH}\" != \"unknown\" ]]; then\n    printf '%s' \"${GIT_COMMIT_HASH}\"\n    return\n  fi\n  git -C \"${SRCROOT}\" rev-parse HEAD 2>/dev/null || printf 'unknown'\n}\n\nresolve_ref() {\n  if [[ -n \"${BUILD_REF:-}\" && \"${BUILD_REF}\" != \"local\" ]]; then\n    printf '%s' \"${BUILD_REF}\"\n    return\n  fi\n  git -C \"${SRCROOT}\" describe --tags --always --dirty 2>/dev/null || printf 'local'\n}\n\nresolve_build_date() {\n  if [[ -n \"${BUILD_DATE_UTC:-}\" && \"${BUILD_DATE_UTC}\" != \"unknown\" && \"${BUILD_DATE_UTC}\" != \"local\" ]]; then\n    printf '%s' \"${BUILD_DATE_UTC}\"\n    return\n  fi\n  date -u +\"%Y-%m-%dT%H:%M:%SZ\"\n}\n\nmkdir -p \"$(dirname \"${build_info_path}\")\"\n\ncat > \"${build_info_path}\" <<EOF\n<?xml version=\"1.0\" encoding=\"UTF-8\"?>\n<!DOCTYPE plist PUBLIC \"-//Apple//DTD PLIST 1.0//EN\" \"https://www.apple.com/DTDs/PropertyList-1.0.dtd\">\n<plist version=\"1.0\">\n<dict>\n  <key>BuildVersion</key>\n  <string>${MARKETING_VERSION:-Unknown}</string>\n  <key>BuildNumber</key>\n  <string>${CURRENT_PROJECT_VERSION:-Unknown}</string>\n  <key>BuildRef</key>\n  <string>$(resolve_ref)</string>\n  <key>BuildGitCommit</key>\n  <string>$(resolve_commit)</string>\n  <key>BuildDateUTC</key>\n  <string>$(resolve_build_date)</string>\n</dict>\n</plist>\nEOF\n";
		};
/* End PBXShellScriptBuildPhase section */

/* Begin PBXSourcesBuildPhase section */
		A50000000000000000000002 /* Sources */ = {
			isa = PBXSourcesBuildPhase;
			buildActionMask = 2147483647;
			files = (
				A10000000000000000000001 /* NextcloudDeckApp.swift in Sources */,
				A10000000000000000000002 /* ContentView.swift in Sources */,
				A10000000000000000000003 /* AppState.swift in Sources */,
				A10000000000000000000004 /* Board.swift in Sources */,
				A10000000000000000000005 /* Stack.swift in Sources */,
				A10000000000000000000006 /* Card.swift in Sources */,
				A10000000000000000000007 /* Label.swift in Sources */,
				A10000000000000000000008 /* DeckAPI.swift in Sources */,
				A10000000000000000000009 /* NextcloudAuth.swift in Sources */,
				A1000000000000000000000A /* KeychainStorage.swift in Sources */,
				A1000000000000000000000B /* LoginView.swift in Sources */,
				A1000000000000000000000C /* BoardListView.swift in Sources */,
				A1000000000000000000000D /* BoardDetailView.swift in Sources */,
				A1000000000000000000000E /* StackColumnView.swift in Sources */,
				A1000000000000000000000F /* CardDetailSheet.swift in Sources */,
				A10000000000000000000010 /* NewStackSheet.swift in Sources */,
				A10000000000000000000012 /* NewBoardSheet.swift in Sources */,
				A10000000000000000000011 /* Color+Hex.swift in Sources */,
				A10000000000000000000013 /* CodingKeyHelpers.swift in Sources */,
				A10000000000000000000014 /* BoardColorPickerView.swift in Sources */,
				A10000000000000000000015 /* CreateSheetFooter.swift in Sources */,
			);
			runOnlyForDeploymentPostprocessing = 0;
		};
/* End PBXSourcesBuildPhase section */

/* Begin XCBuildConfiguration section */
		A80000000000000000000001 /* Debug */ = {
			isa = XCBuildConfiguration;
			buildSettings = {
				ALWAYS_SEARCH_USER_PATHS = NO;
				ASSETCATALOG_COMPILER_GENERATE_SWIFT_ASSET_SYMBOL_EXTENSIONS = YES;
				CLANG_ANALYZER_NONNULL = YES;
				CLANG_ANALYZER_NUMBER_OBJECT_CONVERSION = YES_AGGRESSIVE;
				CLANG_CXX_LANGUAGE_STANDARD = "gnu++20";
				CLANG_ENABLE_MODULES = YES;
				CLANG_ENABLE_OBJC_ARC = YES;
				CLANG_WARN_BLOCK_CAPTURE_AUTORELEASING = YES;
				CLANG_WARN_BOOL_CONVERSION = YES;
				CLANG_WARN_COMMA = YES;
				CLANG_WARN_CONSTANT_CONVERSION = YES;
				CLANG_WARN_DEPRECATED_OBJC_IMPLEMENTATIONS = YES;
				CLANG_WARN_EMPTY_BODY = YES;
				CLANG_WARN_ENUM_CONVERSION = YES;
				CLANG_WARN_INFINITE_RECURSION = YES;
				CLANG_WARN_INT_CONVERSION = YES;
				CLANG_WARN_NON_LITERAL_NULL_CONVERSION = YES;
				CLANG_WARN_OBJC_IMPLICIT_RETAIN_SELF = YES;
				CLANG_WARN_OBJC_LITERAL_CONVERSION = YES;
				CLANG_WARN_QUOTED_INCLUDE_IN_FRAMEWORK_HEADER = YES;
				CLANG_WARN_RANGE_LOOP_ANALYSIS = YES;
				CLANG_WARN_STRICT_PROTOTYPES = YES;
				CLANG_WARN_SUSPICIOUS_MOVE = YES;
				CLANG_WARN_UNREACHABLE_CODE = YES;
				CLANG_WARN__DUPLICATE_METHOD_MATCH = YES;
				COPY_PHASE_STRIP = NO;
				DEAD_CODE_STRIPPING = YES;
				DEBUG_INFORMATION_FORMAT = dwarf;
				ENABLE_STRICT_OBJC_MSGSEND = YES;
				ENABLE_TESTABILITY = YES;
				ENABLE_USER_SCRIPT_SANDBOXING = YES;
				GCC_C_LANGUAGE_STANDARD = gnu17;
				GCC_DYNAMIC_NO_PIC = NO;
				GCC_NO_COMMON_BLOCKS = YES;
				GCC_OPTIMIZATION_LEVEL = 0;
				GCC_PREPROCESSOR_DEFINITIONS = (
					"DEBUG=1",
					"$(inherited)",
				);
				GCC_WARN_64_TO_32_BIT_CONVERSION = YES;
				GCC_WARN_ABOUT_RETURN_TYPE = YES;
				GCC_WARN_UNDECLARED_SELECTOR = YES;
				GCC_WARN_UNINITIALIZED_AUTOS = YES;
				GCC_WARN_UNUSED_FUNCTION = YES;
				GCC_WARN_UNUSED_VARIABLE = YES;
				LOCALIZATION_PREFERS_STRING_CATALOGS = YES;
				MACOSX_DEPLOYMENT_TARGET = 14.0;
				MTL_ENABLE_DEBUG_INFO = INCLUDE_SOURCE;
				MTL_FAST_MATH = YES;
				ONLY_ACTIVE_ARCH = YES;
				SDKROOT = macosx;
				STRING_CATALOG_GENERATE_SYMBOLS = YES;
				SWIFT_ACTIVE_COMPILATION_CONDITIONS = "DEBUG $(inherited)";
				SWIFT_OPTIMIZATION_LEVEL = "-Onone";
			};
			name = Debug;
		};
		A80000000000000000000002 /* Release */ = {
			isa = XCBuildConfiguration;
			buildSettings = {
				ALWAYS_SEARCH_USER_PATHS = NO;
				ASSETCATALOG_COMPILER_GENERATE_SWIFT_ASSET_SYMBOL_EXTENSIONS = YES;
				CLANG_ANALYZER_NONNULL = YES;
				CLANG_ANALYZER_NUMBER_OBJECT_CONVERSION = YES_AGGRESSIVE;
				CLANG_CXX_LANGUAGE_STANDARD = "gnu++20";
				CLANG_ENABLE_MODULES = YES;
				CLANG_ENABLE_OBJC_ARC = YES;
				CLANG_WARN_BLOCK_CAPTURE_AUTORELEASING = YES;
				CLANG_WARN_BOOL_CONVERSION = YES;
				CLANG_WARN_COMMA = YES;
				CLANG_WARN_CONSTANT_CONVERSION = YES;
				CLANG_WARN_DEPRECATED_OBJC_IMPLEMENTATIONS = YES;
				CLANG_WARN_EMPTY_BODY = YES;
				CLANG_WARN_ENUM_CONVERSION = YES;
				CLANG_WARN_INFINITE_RECURSION = YES;
				CLANG_WARN_INT_CONVERSION = YES;
				CLANG_WARN_NON_LITERAL_NULL_CONVERSION = YES;
				CLANG_WARN_OBJC_IMPLICIT_RETAIN_SELF = YES;
				CLANG_WARN_OBJC_LITERAL_CONVERSION = YES;
				CLANG_WARN_QUOTED_INCLUDE_IN_FRAMEWORK_HEADER = YES;
				CLANG_WARN_RANGE_LOOP_ANALYSIS = YES;
				CLANG_WARN_STRICT_PROTOTYPES = YES;
				CLANG_WARN_SUSPICIOUS_MOVE = YES;
				CLANG_WARN_UNREACHABLE_CODE = YES;
				CLANG_WARN__DUPLICATE_METHOD_MATCH = YES;
				COPY_PHASE_STRIP = NO;
				DEAD_CODE_STRIPPING = YES;
				DEBUG_INFORMATION_FORMAT = "dwarf-with-dsym";
				ENABLE_NS_ASSERTIONS = NO;
				ENABLE_STRICT_OBJC_MSGSEND = YES;
				ENABLE_USER_SCRIPT_SANDBOXING = YES;
				GCC_C_LANGUAGE_STANDARD = gnu17;
				GCC_NO_COMMON_BLOCKS = YES;
				GCC_WARN_64_TO_32_BIT_CONVERSION = YES;
				GCC_WARN_ABOUT_RETURN_TYPE = YES;
				GCC_WARN_UNDECLARED_SELECTOR = YES;
				GCC_WARN_UNINITIALIZED_AUTOS = YES;
				GCC_WARN_UNUSED_FUNCTION = YES;
				GCC_WARN_UNUSED_VARIABLE = YES;
				LOCALIZATION_PREFERS_STRING_CATALOGS = YES;
				MACOSX_DEPLOYMENT_TARGET = 14.0;
				MTL_ENABLE_DEBUG_INFO = NO;
				MTL_FAST_MATH = YES;
				SDKROOT = macosx;
				STRING_CATALOG_GENERATE_SYMBOLS = YES;
				SWIFT_COMPILATION_MODE = wholemodule;
			};
			name = Release;
		};
		A80000000000000000000003 /* Debug */ = {
			isa = XCBuildConfiguration;
			buildSettings = {
				ASSETCATALOG_COMPILER_APPICON_NAME = AppIcon;
				ASSETCATALOG_COMPILER_GLOBAL_ACCENT_COLOR_NAME = AccentColor;
				BUILD_DATE_UTC = local;
				BUILD_REF = local;
				CODE_SIGN_ENTITLEMENTS = NextcloudDeck/NextcloudDeck.entitlements;
				CODE_SIGN_STYLE = Automatic;
				COMBINE_HIDPI_IMAGES = YES;
				CURRENT_PROJECT_VERSION = 1;
				DEAD_CODE_STRIPPING = YES;
				DEVELOPMENT_ASSET_PATHS = "";
				ENABLE_APP_SANDBOX = YES;
				ENABLE_OUTGOING_NETWORK_CONNECTIONS = YES;
				ENABLE_PREVIEWS = YES;
				ENABLE_USER_SELECTED_FILES = readwrite;
				GENERATE_INFOPLIST_FILE = YES;
				GIT_COMMIT_HASH = unknown;
				INFOPLIST_KEY_BuildDateUTC = "$(BUILD_DATE_UTC)";
				INFOPLIST_KEY_BuildGitCommit = "$(GIT_COMMIT_HASH)";
				INFOPLIST_KEY_BuildRef = "$(BUILD_REF)";
				INFOPLIST_KEY_ITSAppUsesNonExemptEncryption = NO;
				INFOPLIST_KEY_NSHumanReadableCopyright = "Copyright © 2026 UnicornOps. All rights reserved.";
				LD_RUNPATH_SEARCH_PATHS = (
					"$(inherited)",
					"@executable_path/../Frameworks",
				);
				MARKETING_VERSION = 1.0;
				PRODUCT_BUNDLE_IDENTIFIER = ie.unicornops.nextclouddeck;
				PRODUCT_NAME = "$(TARGET_NAME)";
				SWIFT_EMIT_LOC_STRINGS = YES;
				SWIFT_VERSION = 5.0;
			};
			name = Debug;
		};
		A80000000000000000000004 /* Release */ = {
			isa = XCBuildConfiguration;
			buildSettings = {
				ASSETCATALOG_COMPILER_APPICON_NAME = AppIcon;
				ASSETCATALOG_COMPILER_GLOBAL_ACCENT_COLOR_NAME = AccentColor;
				BUILD_DATE_UTC = local;
				BUILD_REF = local;
				CODE_SIGN_ENTITLEMENTS = NextcloudDeck/NextcloudDeck.entitlements;
				CODE_SIGN_STYLE = Automatic;
				COMBINE_HIDPI_IMAGES = YES;
				CURRENT_PROJECT_VERSION = 1;
				DEAD_CODE_STRIPPING = YES;
				DEVELOPMENT_ASSET_PATHS = "";
				ENABLE_APP_SANDBOX = YES;
				ENABLE_OUTGOING_NETWORK_CONNECTIONS = YES;
				ENABLE_PREVIEWS = YES;
				ENABLE_USER_SELECTED_FILES = readwrite;
				GENERATE_INFOPLIST_FILE = YES;
				GIT_COMMIT_HASH = unknown;
				INFOPLIST_KEY_BuildDateUTC = "$(BUILD_DATE_UTC)";
				INFOPLIST_KEY_BuildGitCommit = "$(GIT_COMMIT_HASH)";
				INFOPLIST_KEY_BuildRef = "$(BUILD_REF)";
				INFOPLIST_KEY_ITSAppUsesNonExemptEncryption = NO;
				INFOPLIST_KEY_NSHumanReadableCopyright = "Copyright © 2026 UnicornOps. All rights reserved.";
				LD_RUNPATH_SEARCH_PATHS = (
					"$(inherited)",
					"@executable_path/../Frameworks",
				);
				MARKETING_VERSION = 1.0;
				PRODUCT_BUNDLE_IDENTIFIER = ie.unicornops.nextclouddeck;
				PRODUCT_NAME = "$(TARGET_NAME)";
				SWIFT_EMIT_LOC_STRINGS = YES;
				SWIFT_VERSION = 5.0;
			};
			name = Release;
		};
/* End XCBuildConfiguration section */

/* Begin XCConfigurationList section */
		A60000000000000000000001 /* Build configuration list for PBXProject "NextcloudDeck" */ = {
			isa = XCConfigurationList;
			buildConfigurations = (
				A80000000000000000000001 /* Debug */,
				A80000000000000000000002 /* Release */,
			);
			defaultConfigurationIsVisible = 0;
			defaultConfigurationName = Release;
		};
		A60000000000000000000002 /* Build configuration list for PBXNativeTarget "NextcloudDeck" */ = {
			isa = XCConfigurationList;
			buildConfigurations = (
				A80000000000000000000003 /* Debug */,
				A80000000000000000000004 /* Release */,
			);
			defaultConfigurationIsVisible = 0;
			defaultConfigurationName = Release;
		};
/* End XCConfigurationList section */
	};
	rootObject = A70000000000000000000001 /* Project object */;
}
